{
  "version": 4,
  "terraform_version": "1.14.8",
  "serial": 60,
  "lineage": "03fbeaaf-3248-d14f-41d2-6775a8b475bb",
  "outputs": {
    "cluster_name": {
      "value": "stackable-demo-cluster",
      "type": "string"
    },
    "datacenter_id": {
      "value": "29d1698d-ce8d-4b84-94c4-a128b25d39d7",
      "type": "string"
    },
    "datacenter_name": {
      "value": "datacenter-demo",
      "type": "string"
    }
  },
  "resources": [
    {
      "mode": "managed",
      "type": "ionoscloud_datacenter",
      "name": "demo",
      "provider": "provider[\"registry.terraform.io/ionos-cloud/ionoscloud\"]",
      "instances": [
        {
          "schema_version": 0,
          "attributes": {
            "cpu_architecture": [
              {
                "cpu_family": "INTEL_SKYLAKE",
                "max_cores": 8,
                "max_ram": 49152,
                "vendor": "GenuineIntel"
              },
              {
                "cpu_family": "AMD_EPYC",
                "max_cores": 8,
                "max_ram": 49152,
                "vendor": "AuthenticAMD"
              },
              {
                "cpu_family": "INTEL_ICELAKE",
                "max_cores": 8,
                "max_ram": 49152,
                "vendor": "GenuineIntel"
              },
              {
                "cpu_family": "INTEL_SIERRAFOREST",
                "max_cores": 8,
                "max_ram": 49152,
                "vendor": "GenuineIntel"
              }
            ],
            "description": "datacenter description",
            "features": [
              "acronis-api-v2",
              "allow-update-expose-serial",
              "amd-epyc",
              "amd-turin",
              "check-snapshot-resource-limits-on-host-type",
              "cloud-api-request-aggregation",
              "cloud-init",
              "contract-identities",
              "cpu-hot-plug",
              "cross-cluster-pcc",
              "cserver-snapshots-migration",
              "cube",
              "das-create-snapshot-without-space-check",
              "disable-enterprise-vm-cluster-default-cpu-preference",
              "disk-vio-hot-plug",
              "disk-vio-hot-unplug",
              "expose-disc-serial",
              "flow-logs",
              "intel-icelake",
              "intel-sierraforest",
              "k8s",
              "k8s-cidr-s3-support",
              "mem-hot-plug",
              "monitoring",
              "multi-queue-vnic",
              "network-lock-for-migration",
              "new-cluster-location-active",
              "ngcs-firewall-extended-protocols",
              "nic-hot-plug",
              "nic-hot-unplug",
              "os-pool-optimised",
              "pcc",
              "private-k8s-cluster",
              "pservers-dont-support-mix-of-os-types",
              "ssd",
              "ssd-storage-zoning",
              "token-management-mfa-claim-required",
              "v-cpu-instance",
              "vdd-login-only-include-selected-contract",
              "vm-autoscaling",
              "vnf-alb",
              "vnf-lb",
              "vnf-nat"
            ],
            "id": "29d1698d-ce8d-4b84-94c4-a128b25d39d7",
            "ipv6_cidr_block": "2a01:239:4c3:5800::/56",
            "location": "de/txl",
            "name": "datacenter-demo",
            "sec_auth_protection": false,
            "timeouts": null,
            "version": 2
          },
          "sensitive_attributes": [],
          "identity_schema_version": 0,
          "private": "eyJlMmJmYjczMC1lY2FhLTExZTYtOGY4OC0zNDM2M2JjN2M0YzAiOnsiY3JlYXRlIjozNjAwMDAwMDAwMDAwLCJkZWZhdWx0IjozNjAwMDAwMDAwMDAwLCJkZWxldGUiOjM2MDAwMDAwMDAwMDAsInJlYWQiOjM2MDAwMDAwMDAwMDAsInVwZGF0ZSI6MzYwMDAwMDAwMDAwMH19"
        }
      ]
    },
    {
      "mode": "managed",
      "type": "ionoscloud_k8s_cluster",
      "name": "demo",
      "provider": "provider[\"registry.terraform.io/ionos-cloud/ionoscloud\"]",
      "instances": [
        {
          "schema_version": 0,
          "attributes": {
            "allow_replace": false,
            "api_subnet_allow_list": null,
            "id": "af28e540-2619-4e53-be8c-ebba5f4201d7",
            "k8s_version": "1.34.2",
            "location": null,
            "maintenance_window": [
              {
                "day_of_the_week": "Sunday",
                "time": "03:00:00Z"
              }
            ],
            "name": "stackable-demo-cluster",
            "nat_gateway_ip": null,
            "node_subnet": null,
            "public": true,
            "s3_buckets": [],
            "timeouts": null,
            "viable_node_pool_versions": [
              "1.34.2",
              "1.33.3"
            ]
          },
          "sensitive_attributes": [],
          "identity_schema_version": 0,
          "private": "eyJlMmJmYjczMC1lY2FhLTExZTYtOGY4OC0zNDM2M2JjN2M0YzAiOnsiY3JlYXRlIjozNjAwMDAwMDAwMDAwLCJkZWZhdWx0IjozNjAwMDAwMDAwMDAwLCJkZWxldGUiOjM2MDAwMDAwMDAwMDAsInJlYWQiOjM2MDAwMDAwMDAwMDAsInVwZGF0ZSI6MzYwMDAwMDAwMDAwMH19"
        }
      ]
    }
  ],
  "check_results": null
}
