{
  "version": 4,
  "terraform_version": "1.14.8",
  "serial": 12,
  "lineage": "03fbeaaf-3248-d14f-41d2-6775a8b475bb",
  "outputs": {
    "cluster_id": {
      "value": "8d6efd6d-ebbc-4bd2-8168-1acd0b57d39e",
      "type": "string"
    },
    "cluster_name": {
      "value": "stackable-demo-cluster",
      "type": "string"
    },
    "datacenter_id": {
      "value": "d6ce3846-c17b-4565-ad51-2e8ca49db02b",
      "type": "string"
    },
    "datacenter_name": {
      "value": "datacenter-demo",
      "type": "string"
    }
  },
  "resources": [
    {
      "mode": "managed",
      "type": "ionoscloud_datacenter",
      "name": "demo",
      "provider": "provider[\"registry.terraform.io/ionos-cloud/ionoscloud\"]",
      "instances": [
        {
          "schema_version": 0,
          "attributes": {
            "cpu_architecture": [
              {
                "cpu_family": "INTEL_SKYLAKE",
                "max_cores": 4,
                "max_ram": 20480,
                "vendor": "GenuineIntel"
              },
              {
                "cpu_family": "AMD_EPYC",
                "max_cores": 4,
                "max_ram": 20480,
                "vendor": "AuthenticAMD"
              },
              {
                "cpu_family": "INTEL_ICELAKE",
                "max_cores": 4,
                "max_ram": 20480,
                "vendor": "GenuineIntel"
              },
              {
                "cpu_family": "INTEL_SIERRAFOREST",
                "max_cores": 4,
                "max_ram": 20480,
                "vendor": "GenuineIntel"
              }
            ],
            "description": "datacenter description",
            "features": [
              "acronis-api-v2",
              "allow-update-expose-serial",
              "amd-epyc",
              "amd-turin",
              "check-snapshot-resource-limits-on-host-type",
              "cloud-api-request-aggregation",
              "cloud-init",
              "contract-identities",
              "cpu-hot-plug",
              "cross-cluster-pcc",
              "cserver-snapshots-migration",
              "cube",
              "das-create-snapshot-without-space-check",
              "disable-enterprise-vm-cluster-default-cpu-preference",
              "disk-vio-hot-plug",
              "disk-vio-hot-unplug",
              "expose-disc-serial",
              "flow-logs",
              "intel-icelake",
              "intel-sierraforest",
              "k8s",
              "k8s-cidr-s3-support",
              "mem-hot-plug",
              "monitoring",
              "multi-queue-vnic",
              "network-lock-for-migration",
              "new-cluster-location-active",
              "ngcs-firewall-extended-protocols",
              "nic-hot-plug",
              "nic-hot-unplug",
              "os-pool-optimised",
              "pcc",
              "private-k8s-cluster",
              "pservers-dont-support-mix-of-os-types",
              "ssd",
              "ssd-storage-zoning",
              "token-management-mfa-claim-required",
              "v-cpu-instance",
              "vdd-login-only-include-selected-contract",
              "vm-autoscaling",
              "vnf-alb",
              "vnf-lb",
              "vnf-nat"
            ],
            "id": "d6ce3846-c17b-4565-ad51-2e8ca49db02b",
            "ipv6_cidr_block": "2a01:239:4be:5a00::/56",
            "location": "de/txl",
            "name": "datacenter-demo",
            "sec_auth_protection": false,
            "timeouts": null,
            "version": 5
          },
          "sensitive_attributes": [],
          "identity_schema_version": 0,
          "private": "eyJlMmJmYjczMC1lY2FhLTExZTYtOGY4OC0zNDM2M2JjN2M0YzAiOnsiY3JlYXRlIjozNjAwMDAwMDAwMDAwLCJkZWZhdWx0IjozNjAwMDAwMDAwMDAwLCJkZWxldGUiOjM2MDAwMDAwMDAwMDAsInJlYWQiOjM2MDAwMDAwMDAwMDAsInVwZGF0ZSI6MzYwMDAwMDAwMDAwMH19"
        }
      ]
    },
    {
      "mode": "managed",
      "type": "ionoscloud_k8s_cluster",
      "name": "demo",
      "provider": "provider[\"registry.terraform.io/ionos-cloud/ionoscloud\"]",
      "instances": [
        {
          "schema_version": 0,
          "attributes": {
            "allow_replace": false,
            "api_subnet_allow_list": [],
            "id": "8d6efd6d-ebbc-4bd2-8168-1acd0b57d39e",
            "k8s_version": "1.34.2",
            "location": null,
            "maintenance_window": [
              {
                "day_of_the_week": "Sunday",
                "time": "03:00:00Z"
              }
            ],
            "name": "stackable-demo-cluster",
            "nat_gateway_ip": null,
            "node_subnet": null,
            "public": true,
            "s3_buckets": [],
            "timeouts": null,
            "viable_node_pool_versions": [
              "1.34.2",
              "1.33.3"
            ]
          },
          "sensitive_attributes": [],
          "identity_schema_version": 0,
          "private": "eyJlMmJmYjczMC1lY2FhLTExZTYtOGY4OC0zNDM2M2JjN2M0YzAiOnsiY3JlYXRlIjozNjAwMDAwMDAwMDAwLCJkZWZhdWx0IjozNjAwMDAwMDAwMDAwLCJkZWxldGUiOjM2MDAwMDAwMDAwMDAsInJlYWQiOjM2MDAwMDAwMDAwMDAsInVwZGF0ZSI6MzYwMDAwMDAwMDAwMH19"
        }
      ]
    },
    {
      "mode": "managed",
      "type": "ionoscloud_k8s_node_pool",
      "name": "demo_pool",
      "provider": "provider[\"registry.terraform.io/ionos-cloud/ionoscloud\"]",
      "instances": [
        {
          "schema_version": 1,
          "attributes": {
            "allow_replace": false,
            "annotations": {
              "environment": "demo"
            },
            "auto_scaling": [],
            "availability_zone": "AUTO",
            "cores_count": 4,
            "cpu_family": "INTEL_SKYLAKE",
            "datacenter_id": "d6ce3846-c17b-4565-ad51-2e8ca49db02b",
            "id": "76486109-a73d-4263-8aac-16952aa5976f",
            "k8s_cluster_id": "8d6efd6d-ebbc-4bd2-8168-1acd0b57d39e",
            "k8s_version": "1.34.2",
            "labels": {
              "app": "stackable",
              "role": "demo"
            },
            "lans": [],
            "location": null,
            "maintenance_window": [
              {
                "day_of_the_week": "Sunday",
                "time": "12:44:01Z"
              }
            ],
            "name": "stackable-demo-nodepool",
            "node_count": 2,
            "public_ips": null,
            "ram_size": 10240,
            "server_type": "DedicatedCore",
            "storage_size": 50,
            "storage_type": "SSD",
            "timeouts": null
          },
          "sensitive_attributes": [],
          "identity_schema_version": 0,
          "private": "eyJlMmJmYjczMC1lY2FhLTExZTYtOGY4OC0zNDM2M2JjN2M0YzAiOnsiY3JlYXRlIjoxMDgwMDAwMDAwMDAwMCwiZGVmYXVsdCI6MTA4MDAwMDAwMDAwMDAsImRlbGV0ZSI6MTA4MDAwMDAwMDAwMDAsInJlYWQiOjEwODAwMDAwMDAwMDAwLCJ1cGRhdGUiOjEwODAwMDAwMDAwMDAwfSwic2NoZW1hX3ZlcnNpb24iOiIxIn0=",
          "dependencies": [
            "ionoscloud_datacenter.demo",
            "ionoscloud_k8s_cluster.demo"
          ]
        }
      ]
    }
  ],
  "check_results": null
}
