{
  "version": 4,
  "terraform_version": "1.14.8",
  "serial": 57,
  "lineage": "03fbeaaf-3248-d14f-41d2-6775a8b475bb",
  "outputs": {
    "cluster_name": {
      "value": "stackable-demo-cluster",
      "type": "string"
    },
    "datacenter_id": {
      "value": "04ce27aa-e82e-4759-8640-804aebf5cc5f",
      "type": "string"
    },
    "datacenter_name": {
      "value": "datacenter-demo",
      "type": "string"
    }
  },
  "resources": [
    {
      "mode": "managed",
      "type": "ionoscloud_datacenter",
      "name": "demo",
      "provider": "provider[\"registry.terraform.io/ionos-cloud/ionoscloud\"]",
      "instances": []
    },
    {
      "mode": "managed",
      "type": "ionoscloud_k8s_cluster",
      "name": "demo",
      "provider": "provider[\"registry.terraform.io/ionos-cloud/ionoscloud\"]",
      "instances": [
        {
          "status": "tainted",
          "schema_version": 0,
          "attributes": {
            "allow_replace": false,
            "api_subnet_allow_list": [],
            "id": "c3bfa31a-c1cc-4c40-b20a-18fe63084a7b",
            "k8s_version": "1.34.2",
            "location": null,
            "maintenance_window": [
              {
                "day_of_the_week": "Sunday",
                "time": "03:00:00Z"
              }
            ],
            "name": "stackable-demo-cluster",
            "nat_gateway_ip": null,
            "node_subnet": null,
            "public": true,
            "s3_buckets": [],
            "timeouts": null,
            "viable_node_pool_versions": [
              "1.34.2",
              "1.33.3"
            ]
          },
          "sensitive_attributes": [],
          "identity_schema_version": 0,
          "private": "eyJlMmJmYjczMC1lY2FhLTExZTYtOGY4OC0zNDM2M2JjN2M0YzAiOnsiY3JlYXRlIjozNjAwMDAwMDAwMDAwLCJkZWZhdWx0IjozNjAwMDAwMDAwMDAwLCJkZWxldGUiOjM2MDAwMDAwMDAwMDAsInJlYWQiOjM2MDAwMDAwMDAwMDAsInVwZGF0ZSI6MzYwMDAwMDAwMDAwMH19"
        }
      ]
    }
  ],
  "check_results": null
}
